
Microsoft Visual Studio Solution File, Format Version 9.00
# Visual Studio 2005
Project("{8BC9CEB8-8B4A-11D0-8D11-00A0C91BC942}") = "lwpr", "..\ext\lwpr\project\lwpr.vcproj", "{21DEF436-4BBC-4ABE-8910-B634593FF08F}"
	ProjectSection(WebsiteProperties) = preProject
		Debug.AspNetCompiler.Debug = "True"
		Release.AspNetCompiler.Debug = "False"
	EndProjectSection
EndProject
Project("{8BC9CEB8-8B4A-11D0-8D11-00A0C91BC942}") = "txgate", "txgate.vcproj", "{2D49E947-7872-40A4-91F8-E03BEB07359E}"
	ProjectSection(WebsiteProperties) = preProject
		Debug.AspNetCompiler.Debug = "True"
		Release.AspNetCompiler.Debug = "False"
	EndProjectSection
EndProject
Project("{8BC9CEB8-8B4A-11D0-8D11-00A0C91BC942}") = "tmadmin", "tmadmin.vcproj", "{2F0C8ACE-52A1-4B3C-873E-1F9D709A0676}"
	ProjectSection(WebsiteProperties) = preProject
		Debug.AspNetCompiler.Debug = "True"
		Release.AspNetCompiler.Debug = "False"
	EndProjectSection
EndProject
Project("{8BC9CEB8-8B4A-11D0-8D11-00A0C91BC942}") = "libtux", "libtux.vcproj", "{F45511C3-2C51-4DB6-9DBF-0B926F659F6F}"
	ProjectSection(WebsiteProperties) = preProject
		Debug.AspNetCompiler.Debug = "True"
		Release.AspNetCompiler.Debug = "False"
	EndProjectSection
EndProject
Project("{8BC9CEB8-8B4A-11D0-8D11-00A0C91BC942}") = "buildclient", "buildclient.vcproj", "{B4CFC4A7-EF8F-47AF-9F76-8B56D27579F7}"
	ProjectSection(WebsiteProperties) = preProject
		Debug.AspNetCompiler.Debug = "True"
		Release.AspNetCompiler.Debug = "False"
	EndProjectSection
EndProject
Project("{8BC9CEB8-8B4A-11D0-8D11-00A0C91BC942}") = "buildserver", "buildserver.vcproj", "{25240E08-90F9-4F8E-A679-C20A01A7ACEA}"
	ProjectSection(WebsiteProperties) = preProject
		Debug.AspNetCompiler.Debug = "True"
		Release.AspNetCompiler.Debug = "False"
	EndProjectSection
EndProject
Project("{8BC9CEB8-8B4A-11D0-8D11-00A0C91BC942}") = "genconfig", "..\ext\lwpr\project\genconfig.vcproj", "{26B76070-A908-485F-9AEB-9DB5C1ABB08A}"
	ProjectSection(WebsiteProperties) = preProject
		Debug.AspNetCompiler.Debug = "True"
		Release.AspNetCompiler.Debug = "False"
	EndProjectSection
EndProject
Project("{8BC9CEB8-8B4A-11D0-8D11-00A0C91BC942}") = "tmshutdown", "tmshutdown.vcproj", "{7CDDE9FE-F9B2-4FDC-B4A3-8AB164E9423D}"
	ProjectSection(WebsiteProperties) = preProject
		Debug.AspNetCompiler.Debug = "True"
		Release.AspNetCompiler.Debug = "False"
	EndProjectSection
EndProject
Project("{8BC9CEB8-8B4A-11D0-8D11-00A0C91BC942}") = "viewc32", "viewc32.vcproj", "{B4CFC4A7-EF8F-47AF-9F76-8B56D27579F8}"
	ProjectSection(WebsiteProperties) = preProject
		Debug.AspNetCompiler.Debug = "True"
		Release.AspNetCompiler.Debug = "False"
	EndProjectSection
EndProject
Project("{8BC9CEB8-8B4A-11D0-8D11-00A0C91BC942}") = "libtmb", "libtmb.vcproj", "{AAF0EC1F-40D8-4A3F-9392-EB3078546093}"
	ProjectSection(WebsiteProperties) = preProject
		Debug.AspNetCompiler.Debug = "True"
		Release.AspNetCompiler.Debug = "False"
	EndProjectSection
EndProject
Project("{8BC9CEB8-8B4A-11D0-8D11-00A0C91BC942}") = "viewdis32", "viewdis32.vcproj", "{A4EE0BDC-6DF8-4169-94D7-AA288A33B46E}"
	ProjectSection(WebsiteProperties) = preProject
		Debug.AspNetCompiler.Debug = "True"
		Release.AspNetCompiler.Debug = "False"
	EndProjectSection
EndProject
Project("{8BC9CEB8-8B4A-11D0-8D11-00A0C91BC942}") = "mkfldhdr32", "mkfldhdr32.vcproj", "{645027D4-C171-49F1-9E27-55F96571775C}"
	ProjectSection(WebsiteProperties) = preProject
		Debug.AspNetCompiler.Debug = "True"
		Release.AspNetCompiler.Debug = "False"
	EndProjectSection
EndProject
Project("{8BC9CEB8-8B4A-11D0-8D11-00A0C91BC942}") = "pmon", "..\ext\lwpr\project\pmon.vcproj", "{ECA85E49-C63A-4C0F-A2E4-34DCF613DBB2}"
	ProjectSection(WebsiteProperties) = preProject
		Debug.AspNetCompiler.Debug = "True"
		Release.AspNetCompiler.Debug = "False"
	EndProjectSection
EndProject
Global
	GlobalSection(SolutionConfigurationPlatforms) = preSolution
		Debug|Win32 = Debug|Win32
		Release|Win32 = Release|Win32
	EndGlobalSection
	GlobalSection(ProjectConfigurationPlatforms) = postSolution
		{21DEF436-4BBC-4ABE-8910-B634593FF08F}.Debug|Win32.ActiveCfg = Debug|Win32
		{21DEF436-4BBC-4ABE-8910-B634593FF08F}.Debug|Win32.Build.0 = Debug|Win32
		{21DEF436-4BBC-4ABE-8910-B634593FF08F}.Release|Win32.ActiveCfg = Release|Win32
		{21DEF436-4BBC-4ABE-8910-B634593FF08F}.Release|Win32.Build.0 = Release|Win32
		{2D49E947-7872-40A4-91F8-E03BEB07359E}.Debug|Win32.ActiveCfg = Debug|Win32
		{2D49E947-7872-40A4-91F8-E03BEB07359E}.Debug|Win32.Build.0 = Debug|Win32
		{2D49E947-7872-40A4-91F8-E03BEB07359E}.Release|Win32.ActiveCfg = Release|Win32
		{2D49E947-7872-40A4-91F8-E03BEB07359E}.Release|Win32.Build.0 = Release|Win32
		{2F0C8ACE-52A1-4B3C-873E-1F9D709A0676}.Debug|Win32.ActiveCfg = Debug|Win32
		{2F0C8ACE-52A1-4B3C-873E-1F9D709A0676}.Debug|Win32.Build.0 = Debug|Win32
		{2F0C8ACE-52A1-4B3C-873E-1F9D709A0676}.Release|Win32.ActiveCfg = Release|Win32
		{2F0C8ACE-52A1-4B3C-873E-1F9D709A0676}.Release|Win32.Build.0 = Release|Win32
		{F45511C3-2C51-4DB6-9DBF-0B926F659F6F}.Debug|Win32.ActiveCfg = Debug|Win32
		{F45511C3-2C51-4DB6-9DBF-0B926F659F6F}.Debug|Win32.Build.0 = Debug|Win32
		{F45511C3-2C51-4DB6-9DBF-0B926F659F6F}.Release|Win32.ActiveCfg = Release|Win32
		{F45511C3-2C51-4DB6-9DBF-0B926F659F6F}.Release|Win32.Build.0 = Release|Win32
		{B4CFC4A7-EF8F-47AF-9F76-8B56D27579F7}.Debug|Win32.ActiveCfg = Debug|Win32
		{B4CFC4A7-EF8F-47AF-9F76-8B56D27579F7}.Debug|Win32.Build.0 = Debug|Win32
		{B4CFC4A7-EF8F-47AF-9F76-8B56D27579F7}.Release|Win32.ActiveCfg = Release|Win32
		{B4CFC4A7-EF8F-47AF-9F76-8B56D27579F7}.Release|Win32.Build.0 = Release|Win32
		{25240E08-90F9-4F8E-A679-C20A01A7ACEA}.Debug|Win32.ActiveCfg = Debug|Win32
		{25240E08-90F9-4F8E-A679-C20A01A7ACEA}.Debug|Win32.Build.0 = Debug|Win32
		{25240E08-90F9-4F8E-A679-C20A01A7ACEA}.Release|Win32.ActiveCfg = Release|Win32
		{25240E08-90F9-4F8E-A679-C20A01A7ACEA}.Release|Win32.Build.0 = Release|Win32
		{26B76070-A908-485F-9AEB-9DB5C1ABB08A}.Debug|Win32.ActiveCfg = Debug|Win32
		{26B76070-A908-485F-9AEB-9DB5C1ABB08A}.Debug|Win32.Build.0 = Debug|Win32
		{26B76070-A908-485F-9AEB-9DB5C1ABB08A}.Release|Win32.ActiveCfg = Release|Win32
		{26B76070-A908-485F-9AEB-9DB5C1ABB08A}.Release|Win32.Build.0 = Release|Win32
		{7CDDE9FE-F9B2-4FDC-B4A3-8AB164E9423D}.Debug|Win32.ActiveCfg = Debug|Win32
		{7CDDE9FE-F9B2-4FDC-B4A3-8AB164E9423D}.Debug|Win32.Build.0 = Debug|Win32
		{7CDDE9FE-F9B2-4FDC-B4A3-8AB164E9423D}.Release|Win32.ActiveCfg = Release|Win32
		{7CDDE9FE-F9B2-4FDC-B4A3-8AB164E9423D}.Release|Win32.Build.0 = Release|Win32
		{B4CFC4A7-EF8F-47AF-9F76-8B56D27579F8}.Debug|Win32.ActiveCfg = Debug|Win32
		{B4CFC4A7-EF8F-47AF-9F76-8B56D27579F8}.Debug|Win32.Build.0 = Debug|Win32
		{B4CFC4A7-EF8F-47AF-9F76-8B56D27579F8}.Release|Win32.ActiveCfg = Release|Win32
		{B4CFC4A7-EF8F-47AF-9F76-8B56D27579F8}.Release|Win32.Build.0 = Release|Win32
		{AAF0EC1F-40D8-4A3F-9392-EB3078546093}.Debug|Win32.ActiveCfg = Debug|Win32
		{AAF0EC1F-40D8-4A3F-9392-EB3078546093}.Debug|Win32.Build.0 = Debug|Win32
		{AAF0EC1F-40D8-4A3F-9392-EB3078546093}.Release|Win32.ActiveCfg = Release|Win32
		{AAF0EC1F-40D8-4A3F-9392-EB3078546093}.Release|Win32.Build.0 = Release|Win32
		{A4EE0BDC-6DF8-4169-94D7-AA288A33B46E}.Debug|Win32.ActiveCfg = Debug|Win32
		{A4EE0BDC-6DF8-4169-94D7-AA288A33B46E}.Debug|Win32.Build.0 = Debug|Win32
		{A4EE0BDC-6DF8-4169-94D7-AA288A33B46E}.Release|Win32.ActiveCfg = Release|Win32
		{A4EE0BDC-6DF8-4169-94D7-AA288A33B46E}.Release|Win32.Build.0 = Release|Win32
		{645027D4-C171-49F1-9E27-55F96571775C}.Debug|Win32.ActiveCfg = Debug|Win32
		{645027D4-C171-49F1-9E27-55F96571775C}.Debug|Win32.Build.0 = Debug|Win32
		{645027D4-C171-49F1-9E27-55F96571775C}.Release|Win32.ActiveCfg = Release|Win32
		{645027D4-C171-49F1-9E27-55F96571775C}.Release|Win32.Build.0 = Release|Win32
		{ECA85E49-C63A-4C0F-A2E4-34DCF613DBB2}.Debug|Win32.ActiveCfg = Debug|Win32
		{ECA85E49-C63A-4C0F-A2E4-34DCF613DBB2}.Debug|Win32.Build.0 = Debug|Win32
		{ECA85E49-C63A-4C0F-A2E4-34DCF613DBB2}.Release|Win32.ActiveCfg = Release|Win32
		{ECA85E49-C63A-4C0F-A2E4-34DCF613DBB2}.Release|Win32.Build.0 = Release|Win32
	EndGlobalSection
	GlobalSection(SolutionProperties) = preSolution
		HideSolutionNode = FALSE
	EndGlobalSection
EndGlobal
